schema: '2.0'
stages:
  install:
    cmd: poetry install
  check_env:
    cmd: python src/utils/load_env.py
    deps:
    - path: .env
      hash: md5
      md5: 89c06c2b5468b6e9d6d9b01799ffeab9
      size: 147
  load_env:
    cmd: python src/utils/load_env.py
    deps:
    - path: .env
      hash: md5
      md5: daae4acc00328a6abd3018baaa900ccf
      size: 242
    - path: src/utils/load_env.py
      hash: md5
      md5: 0fe59705b0ae888a1d316aa68d209324
      size: 191
  data_download:
    cmd: python src/modules/3_data_download/data_download.py
    deps:
    - path: data/basemap-metadata/basemap-metadata.json
      hash: md5
      md5: 6d28c3f728655ed40838bbbb17812fdc
      size: 3719
    - path: data/surveys/gcro-2016.dta
      hash: md5
      md5: b18fed022c1ad5c6588391a14ce4acac
      size: 239054964
    - path: data/surveys/gcro-2018.dta
      hash: md5
      md5: 74f9efb62a3992e2e5edd220afbbee79
      size: 17658506
    - path: data/surveys/gcro-2021.dta
      hash: md5
      md5: 3af38f13b58e0bb17be0cf1911b828b4
      size: 8499821
    - path: src/modules/3_data_download/data_download.py
      hash: md5
      md5: 41b444189b121adb6f4394df1b2deb96
      size: 2099
  preprocess:
    cmd: python src/modules/preprocessing/preprocess.py
    deps:
    - path: src/modules/preprocessing/preprocess.py
      hash: md5
      md5: 78b43e23085df2b5ef2e77a4a1737f0c
      size: 170
  train:
    cmd: python src/modules/8_training/train.py
    deps:
    - path: outputs/model/train-test-split.geojson
      hash: md5
      md5: e0eb0c76dba7c863a6fd9bf519cdfee0
      size: 31598544
    - path: src/modules/8_training/train.py
      hash: md5
      md5: 0863c8892a1b8f6c3644d624d496fcc1
      size: 11347
    params:
      params.yaml:
        constants.random_seed: 42
        split:
          test_size: 0.2
          val_size: 0.2
          folds: 5
          group_by_ward: true
        train:
          label: qol_index
          loss: mean_absolute_error
          group_by_ward: true
          epochs: 50
    outs:
    - path: outputs/model/final.h5
      hash: md5
      md5: 70f5a4940315e009f2af1ead81836390
      size: 94882504
    - path: outputs/model/folds
      hash: md5
      md5: c13d75d4fa86cbf9151bfa9c37599a44.dir
      size: 379530024
      nfiles: 4
  evaluate:
    cmd: python src/modules/9_evaluation/evaluate.py
    deps:
    - path: outputs/model/final.h5
      hash: md5
      md5: 70f5a4940315e009f2af1ead81836390
      size: 94882504
    - path: outputs/model/train-test-split.geojson
      hash: md5
      md5: e0eb0c76dba7c863a6fd9bf519cdfee0
      size: 31598544
    - path: src/modules/9_evaluation/evaluate.py
      hash: md5
      md5: 8512b09b8401dd84e7cddc722dd695fd
      size: 1673
  shapefile_processing:
    cmd: python src/modules/1_shapefile_processing/shapefile_process.py
    deps:
    - path: data/shapefiles/2011
      hash: md5
      md5: bdf63d65f51b6f4b0e8fe805d3776cb3.dir
      size: 115252968
      nfiles: 6
    - path: data/shapefiles/2016
      hash: md5
      md5: e506ece68c603f5f346a71419331b389.dir
      size: 60780086
      nfiles: 6
    - path: data/shapefiles/2020
      hash: md5
      md5: f0103491ddab83e03dcdf3e4d4013efc.dir
      size: 60269229
      nfiles: 6
    - path: src/modules/1_shapefile_processing/shapefile_process.py
      hash: md5
      md5: e90e93b1a31e72dfc39f1508a8ba0f1d
      size: 2476
    outs:
    - path: outputs/processed-shapefile/2011/gauteng-boundary-unprocessed.geojson
      hash: md5
      md5: f5d48835b406f5401e83b8d7ac61707c
      size: 249343
    - path: outputs/processed-shapefile/2011/gauteng-boundary-unprocessed.png
      hash: md5
      md5: 44f6ed54ace4492aff9edcb8a20d3988
      size: 35866
    - path: outputs/processed-shapefile/2011/gauteng-boundary.geojson
      hash: md5
      md5: 82b19a9e18ee60b77bb19438399ec25e
      size: 685424
    - path: outputs/processed-shapefile/2011/gauteng-boundary.png
      hash: md5
      md5: ea2a4f31c87fbf5ce87added6c5d6c5e
      size: 34110
    - path: outputs/processed-shapefile/2011/gauteng-wards.geojson
      hash: md5
      md5: cd39f3b48bf05d8dc27cbe16deea56d0
      size: 10783731
    - path: outputs/processed-shapefile/2011/gauteng-wards.png
      hash: md5
      md5: 346d7ffba72f13f7099f0a08d36efe35
      size: 51300
    - path: outputs/processed-shapefile/2011/za-wards.png
      hash: md5
      md5: 5db8b8773da5c529059f16debc72e02b
      size: 82345
    - path: outputs/processed-shapefile/2016/gauteng-boundary-unprocessed.geojson
      hash: md5
      md5: 9fe82c51ba5cb2c39e8be8e0703822b9
      size: 242617
    - path: outputs/processed-shapefile/2016/gauteng-boundary-unprocessed.png
      hash: md5
      md5: f7e5e7b6fc605fcd287c46c309147de9
      size: 34101
    - path: outputs/processed-shapefile/2016/gauteng-boundary.geojson
      hash: md5
      md5: f1406122f930644e2fe98e3021fbeb29
      size: 691663
    - path: outputs/processed-shapefile/2016/gauteng-boundary.png
      hash: md5
      md5: 4bf56ae997d01b72270f6b83a03a6883
      size: 34113
    - path: outputs/processed-shapefile/2016/gauteng-wards.geojson
      hash: md5
      md5: c87921e9eea50dc5f5cd0d0d0042f05d
      size: 5370316
    - path: outputs/processed-shapefile/2016/gauteng-wards.png
      hash: md5
      md5: 7819983a2490fdb481cdefc4943e2a62
      size: 65880
    - path: outputs/processed-shapefile/2016/za-wards.png
      hash: md5
      md5: 92d7b19b7adcc5ac4450482a83f90ac3
      size: 115145
    - path: outputs/processed-shapefile/2020/gauteng-boundary-unprocessed.geojson
      hash: md5
      md5: 6d62946f5fd951a58c43395dbd1153ec
      size: 339134
    - path: outputs/processed-shapefile/2020/gauteng-boundary-unprocessed.png
      hash: md5
      md5: 2faa207daa46c0afda75939de61eae0a
      size: 39593
    - path: outputs/processed-shapefile/2020/gauteng-boundary.geojson
      hash: md5
      md5: f16b4ab5a22d5bdc011699a4bef537a1
      size: 692033
    - path: outputs/processed-shapefile/2020/gauteng-boundary.png
      hash: md5
      md5: 45e254eb5b9db7af7105cbdff4dea7f5
      size: 34114
    - path: outputs/processed-shapefile/2020/gauteng-wards.geojson
      hash: md5
      md5: fd210f4642ed25a340f12ce85fb524c8
      size: 5298461
    - path: outputs/processed-shapefile/2020/gauteng-wards.png
      hash: md5
      md5: 923a9ab67081126d24f1a09077caf96d
      size: 65338
    - path: outputs/processed-shapefile/2020/za-wards.png
      hash: md5
      md5: 896ce51f0711e44ea35ffc05a919ea01
      size: 116221
  gcro_processing:
    cmd: python src/modules/2_gcro_processing/gcro_process.py
    deps:
    - path: data/surveys/gcro-2016.dta
      hash: md5
      md5: b18fed022c1ad5c6588391a14ce4acac
      size: 239054964
    - path: data/surveys/gcro-2018.dta
      hash: md5
      md5: 74f9efb62a3992e2e5edd220afbbee79
      size: 17658506
    - path: data/surveys/gcro-2021.dta
      hash: md5
      md5: 3af38f13b58e0bb17be0cf1911b828b4
      size: 8499821
    - path: src/modules/2_gcro_processing/gcro_process.py
      hash: md5
      md5: 1194eb2cdcea8788ab72e0999b582ed5
      size: 3307
    outs:
    - path: outputs/processed-gcro/2016/gcro-clustered-data.csv
      hash: md5
      md5: 45fbab64c5a143fb32a0bb25f2b38b1e
      size: 77996
    - path: outputs/processed-gcro/2016/gcro-column-datatypes.json
      hash: md5
      md5: 6fac0434a3a0b2827f22af8c6dd0c96a
      size: 6870
    - path: outputs/processed-gcro/2016/gcro-date-info.json
      hash: md5
      md5: c0b20022e0f584470163cbb89008d393
      size: 106
    - path: outputs/processed-gcro/2018/gcro-clustered-data.csv
      hash: md5
      md5: 260f46a2baaf1c7e4b38e5177edb46f8
      size: 81103
    - path: outputs/processed-gcro/2018/gcro-column-datatypes.json
      hash: md5
      md5: 9629553ee8ac8ed6f9331dda0f8a51f6
      size: 10152
    - path: outputs/processed-gcro/2018/gcro-date-info.json
      hash: md5
      md5: f83976a35bd65fdab5ea4e9bbdac57fb
      size: 106
    - path: outputs/processed-gcro/2021/gcro-clustered-data.csv
      hash: md5
      md5: 86a7f71bcbbfd936e5c80588e4b76846
      size: 81194
    - path: outputs/processed-gcro/2021/gcro-column-datatypes.json
      hash: md5
      md5: 639dacf242b430f397437fde557da6d5
      size: 8646
    - path: outputs/processed-gcro/2021/gcro-date-info.json
      hash: md5
      md5: fe466fbd7f52211d9b3fe35da926acdd
      size: 106
  gcro_shapefile_merge:
    cmd: python src/modules/4_gcro_shapefile_merge/gcro_shapefile_merge.py
    deps:
    - path: outputs/processed-gcro/2016/gcro-clustered-data.csv
      hash: md5
      md5: 45fbab64c5a143fb32a0bb25f2b38b1e
      size: 77996
    - path: outputs/processed-gcro/2018/gcro-clustered-data.csv
      hash: md5
      md5: 260f46a2baaf1c7e4b38e5177edb46f8
      size: 81103
    - path: outputs/processed-gcro/2021/gcro-clustered-data.csv
      hash: md5
      md5: 86a7f71bcbbfd936e5c80588e4b76846
      size: 81194
    - path: outputs/processed-shapefile/2011/gauteng-wards.geojson
      hash: md5
      md5: cd39f3b48bf05d8dc27cbe16deea56d0
      size: 10783731
    - path: outputs/processed-shapefile/2016/gauteng-wards.geojson
      hash: md5
      md5: c87921e9eea50dc5f5cd0d0d0042f05d
      size: 5370316
    - path: outputs/processed-shapefile/2020/gauteng-wards.geojson
      hash: md5
      md5: fd210f4642ed25a340f12ce85fb524c8
      size: 5298461
    - path: src/modules/4_gcro_shapefile_merge/gcro_shapefile_merge.py
      hash: md5
      md5: 447631d3c4995f963fb748202306c605
      size: 3168
    outs:
    - path: outputs/merged/2016/gauteng-qol.geojson
      hash: md5
      md5: b42f9c41291bf539a77362348d49c7d9
      size: 10806212
    - path: outputs/merged/2016/gauteng-qol.png
      hash: md5
      md5: 0c17c837e0953b3382cc2b2f0cc44457
      size: 70240
    - path: outputs/merged/2018/gauteng-qol.geojson
      hash: md5
      md5: 9720a1fc3bedb556eaba7b74e5e97a36
      size: 5382181
    - path: outputs/merged/2018/gauteng-qol.png
      hash: md5
      md5: c705fda2cf4fac3fc9e89805a8f00640
      size: 78527
    - path: outputs/merged/2021/gauteng-qol.geojson
      hash: md5
      md5: cd9c08baa345b39e2ee4f12b0e9a4360
      size: 5381974
    - path: outputs/merged/2021/gauteng-qol.png
      hash: md5
      md5: ad7403a11dd820d3dbb0b4ffe1d4693c
      size: 78817
    - path: outputs/merged/gauteng-qol.geojson
      hash: md5
      md5: 80c90b2a44434f93592bcec4fb4870f1
      size: 21603283
  generate_grid:
    cmd: python src/modules/grid_generation/generate_grid.py
    deps:
    - path: outputs/merged/gauteng-qol.geojson
      hash: md5
      md5: 1b0638102484489c12746c8501691ee1
      size: 5389380
    - path: src/modules/grid_generation/generate_grid.py
      hash: md5
      md5: c579a36ae5433bdad0e4ef9fa73b06a7
      size: 3162
    outs:
    - path: outputs/grid/grid-gauteng-qol.png
      hash: md5
      md5: c2ad8201b0adc63a57fe199e5bc56ee9
      size: 685517
    - path: outputs/grid/grid-overlay.png
      hash: md5
      md5: 7dc3dbb186dcbe753bd0f2dedd29eb6a
      size: 844905
    - path: outputs/grid/qol-labelled-grid.csv
      hash: md5
      md5: 47bbcdc00cf7271c3bffa249a36e7001
      size: 3334106
  mosaiks_prediction:
    cmd: python src/modules/mosaiks_prediction/predict.py
    deps:
    - path: data/mosaiks-features/mosaiks_features.csv
      hash: md5
      md5: b4991d36a61ae9646fe377a50658a037
      size: 1261893911
    - path: outputs/grid/qol-labelled-grid.csv
      hash: md5
      md5: 47bbcdc00cf7271c3bffa249a36e7001
      size: 3334106
    - path: src/modules/mosaiks_prediction/predict.py
      hash: md5
      md5: 582c7dab2e109c2858559a3ac276def6
      size: 7531
    outs:
    - path: outputs/mosaiks-prediction/ols-observed-vs-predicted.png
      hash: md5
      md5: 319e4fd1483b3ad1080ebbf74b130a23
      size: 566932
    - path: outputs/mosaiks-prediction/ols-observed.png
      hash: md5
      md5: c88d6d110195732a7211b5bc8366c4bf
      size: 1029397
    - path: outputs/mosaiks-prediction/ols-predicted.png
      hash: md5
      md5: 9ddd52abd08e95da52b9140b607b23df
      size: 1266103
    - path: outputs/mosaiks-prediction/ridge-observed-vs-predicted.png
      hash: md5
      md5: f852a1d62a5501762244bea2301f4bb9
      size: 629812
    - path: outputs/mosaiks-prediction/ridge-observed.png
      hash: md5
      md5: c88d6d110195732a7211b5bc8366c4bf
      size: 1029397
    - path: outputs/mosaiks-prediction/ridge-predicted.png
      hash: md5
      md5: 67c5220d5cc34ff06afb71c340288f8b
      size: 1307584
  tiling:
    cmd: python src/modules/5_tiling/tile_images.py
    deps:
    - path: src/modules/5_tiling/tile.sbatch
      hash: md5
      md5: 2772263e628a3192d7fc0d28ceef901b
      size: 1561
    - path: src/modules/5_tiling/tile_image.py
      hash: md5
      md5: a54ac7cad4197689869588fbf87120b4
      size: 3468
    - path: src/modules/5_tiling/tile_images.py
      hash: md5
      md5: 5cd2eaabb6bd17dbbb26638424556573
      size: 1327
    - path: src/modules/5_tiling/tile_slurm.py
      hash: md5
      md5: 075127b4916cf5cd72c70c661b3f7cea
      size: 3070
    params:
      params.yaml:
        preprocessing.crop_size: 256
    outs:
    - path: outputs/tiles/tile-transforms.geojson
      hash: md5
      md5: edfb02b8165d2a1eabfa79010f0f0d6c
      size: 19933507
  tile_cluster_matching:
    cmd: python src/modules/6_tile_cluster_matching/match_tiles.py
    deps:
    - path: outputs/merged/gauteng-qol.geojson
      hash: md5
      md5: 80c90b2a44434f93592bcec4fb4870f1
      size: 21603283
    - path: outputs/tiles/tile-transforms.geojson
      hash: md5
      md5: edfb02b8165d2a1eabfa79010f0f0d6c
      size: 19933507
    - path: src/modules/6_tile_cluster_matching/match_tiles.py
      hash: md5
      md5: 0513c87ad6eeb94c110e4f20a1ce604f
      size: 2293
    params:
      params.yaml:
        preprocessing.drop_overlap: false
    outs:
    - path: outputs/matched/2018-gauteng-qol-cluster-tiles.png
      hash: md5
      md5: f974c582238d3417db58f1c238a854fd
      size: 30162
    - path: outputs/matched/2021-gauteng-qol-cluster-tiles.png
      hash: md5
      md5: b1ee0e786b880af9252ab312c1ef8e2b
      size: 30814
    - path: outputs/matched/gauteng-qol-cluster-tiles.geojson
      hash: md5
      md5: c77d2e7a4f6e4b17601912b09eb518e1
      size: 30808928
  train_test_split:
    cmd: python src/modules/7_test_data_split/test_data_split.py
    deps:
    - path: outputs/matched/gauteng-qol-cluster-tiles.geojson
      hash: md5
      md5: c77d2e7a4f6e4b17601912b09eb518e1
      size: 30808928
    - path: src/modules/7_test_data_split/test_data_split.py
      hash: md5
      md5: 9c7c070d7ed53e55ad630142e2d2e2a0
      size: 3444
    params:
      params.yaml:
        constants.random_seed: 42
        split:
          test_size: 0.2
          val_size: 0.2
          folds: 5
          group_by_ward: true
    outs:
    - path: outputs/model/test-stats.csv
      hash: md5
      md5: 7d73e28e48d0edac516540dbb7712453
      size: 1206
    - path: outputs/model/train-stats.csv
      hash: md5
      md5: 14c7c96f8b57692339d352fb5e432fef
      size: 1215
    - path: outputs/model/train-test-split.geojson
      hash: md5
      md5: e0eb0c76dba7c863a6fd9bf519cdfee0
      size: 31598544
