schema: '2.0'
stages:
  install:
    cmd: poetry install
  check_env:
    cmd: python src/utils/load_env.py
    deps:
    - path: .env
      hash: md5
      md5: 89c06c2b5468b6e9d6d9b01799ffeab9
      size: 147
  load_env:
    cmd: python src/utils/load_env.py
    deps:
    - path: .env
      hash: md5
      md5: 4ecbc9087d821964b029547e49daff3f
      size: 248
    - path: src/utils/load_env.py
      hash: md5
      md5: 0fe59705b0ae888a1d316aa68d209324
      size: 191
  data_download:
    cmd: python src/modules/3_data_download/data_download.py
    deps:
    - path: data/basemap-metadata/basemap-metadata.json
      hash: md5
      md5: 6d28c3f728655ed40838bbbb17812fdc
      size: 3719
    - path: data/surveys/gcro-2016.dta
      hash: md5
      md5: b18fed022c1ad5c6588391a14ce4acac
      size: 239054964
    - path: data/surveys/gcro-2018.dta
      hash: md5
      md5: 74f9efb62a3992e2e5edd220afbbee79
      size: 17658506
    - path: data/surveys/gcro-2021.dta
      hash: md5
      md5: 3af38f13b58e0bb17be0cf1911b828b4
      size: 8499821
    - path: src/modules/3_data_download/data_download.py
      hash: md5
      md5: a2dd4827715a7b2a83d2c55ba0d9d556
      size: 2178
  preprocess:
    cmd: python src/modules/preprocessing/preprocess.py
    deps:
    - path: src/modules/preprocessing/preprocess.py
      hash: md5
      md5: 78b43e23085df2b5ef2e77a4a1737f0c
      size: 170
  train:
    cmd: python src/modules/8_training/train.py
    deps:
    - path: outputs/model/train-test-split.geojson
      hash: md5
      md5: 4798a452ae43b91891b243d0d22af916
      size: 1061257
    - path: src/modules/8_training/train.py
      hash: md5
      md5: 37a85b8f1e36facad9ae988c7ed06b97
      size: 12798
    params:
      params.yaml:
        constants.random_seed: 42
        split:
          test_size: 0.2
          val_size: 0.2
          folds: 5
          group_by_ward: false
        train:
          label: qol_index
          augment_training_data: 0
          loss: mean_squared_error
          learning_rate: 0.0001
          cross_val: false
          epochs: 10
          model_name: resnet50v2
    outs:
    - path: outputs/model/final.h5
      hash: md5
      md5: 2cf915cee6d68400143362ab4b2c8e1b
      size: 120023344
    - path: outputs/model/model_summary.txt
      hash: md5
      md5: e62bcdbd12dbf8d28b4a364ec385fe45
      size: 54710
  evaluate:
    cmd: python src/modules/9_evaluation/evaluate.py
    deps:
    - path: outputs/model/final.h5
      hash: md5
      md5: 2cf915cee6d68400143362ab4b2c8e1b
      size: 120023344
    - path: outputs/model/train-test-split.geojson
      hash: md5
      md5: 4798a452ae43b91891b243d0d22af916
      size: 1061257
    - path: src/modules/9_evaluation/evaluate.py
      hash: md5
      md5: 5222ecec0b33eb9793f40e6ccb89a015
      size: 2132
    outs:
    - path: outputs/eval/test_scores.pkl
      hash: md5
      md5: 95d1fc2c235ddedc0f959447c96c9baf
      size: 198
    - path: outputs/eval/train_scores.pkl
      hash: md5
      md5: 48a7ec1ca0bc6f0ddab39aa182a84da7
      size: 198
  shapefile_processing:
    cmd: python src/modules/1_shapefile_processing/shapefile_process.py
    deps:
    - path: data/shapefiles/2011
      hash: md5
      md5: bdf63d65f51b6f4b0e8fe805d3776cb3.dir
      size: 115252968
      nfiles: 6
    - path: data/shapefiles/2016
      hash: md5
      md5: e506ece68c603f5f346a71419331b389.dir
      size: 60780086
      nfiles: 6
    - path: data/shapefiles/2020
      hash: md5
      md5: f0103491ddab83e03dcdf3e4d4013efc.dir
      size: 60269229
      nfiles: 6
    - path: src/modules/1_shapefile_processing/shapefile_process.py
      hash: md5
      md5: 2e1fba6905850c14a8763ef4fe1126aa
      size: 2685
    outs:
    - path: outputs/processed-shapefile/2011/gauteng-boundary-unprocessed.geojson
      hash: md5
      md5: f5d48835b406f5401e83b8d7ac61707c
      size: 249343
    - path: outputs/processed-shapefile/2011/gauteng-boundary-unprocessed.png
      hash: md5
      md5: 1d41ef64e3941fdec8798e361d7f49f4
      size: 35866
    - path: outputs/processed-shapefile/2011/gauteng-boundary.geojson
      hash: md5
      md5: c643147980c934fcecca74ece72bce48
      size: 685444
    - path: outputs/processed-shapefile/2011/gauteng-boundary.png
      hash: md5
      md5: 10e2a8e058698c11dbfdccd575bf1db3
      size: 34110
    - path: outputs/processed-shapefile/2011/gauteng-wards.geojson
      hash: md5
      md5: cd39f3b48bf05d8dc27cbe16deea56d0
      size: 10783731
    - path: outputs/processed-shapefile/2011/gauteng-wards.png
      hash: md5
      md5: 9a686e53b5d1b219962736b4561cb3d4
      size: 51300
    - path: outputs/processed-shapefile/2011/za-wards.png
      hash: md5
      md5: 6f81966edd5ef1b51bdfc85b674c589e
      size: 82345
    - path: outputs/processed-shapefile/2016/gauteng-boundary-unprocessed.geojson
      hash: md5
      md5: 9fe82c51ba5cb2c39e8be8e0703822b9
      size: 242617
    - path: outputs/processed-shapefile/2016/gauteng-boundary-unprocessed.png
      hash: md5
      md5: 732d51105a25f1a4b2971ecb616c318c
      size: 34101
    - path: outputs/processed-shapefile/2016/gauteng-boundary.geojson
      hash: md5
      md5: 7f7dd407b7d8f29c83d9cf0ba7d6f4f2
      size: 691662
    - path: outputs/processed-shapefile/2016/gauteng-boundary.png
      hash: md5
      md5: fb35fb0734f94413a84919fed35a66bc
      size: 34113
    - path: outputs/processed-shapefile/2016/gauteng-wards.geojson
      hash: md5
      md5: c87921e9eea50dc5f5cd0d0d0042f05d
      size: 5370316
    - path: outputs/processed-shapefile/2016/gauteng-wards.png
      hash: md5
      md5: 5c4f7d41673aae8b8560b45d78afc857
      size: 65880
    - path: outputs/processed-shapefile/2016/za-wards.png
      hash: md5
      md5: 3a779c15b692b10324f086e59be81122
      size: 115145
    - path: outputs/processed-shapefile/2020/gauteng-boundary-unprocessed.geojson
      hash: md5
      md5: 6d62946f5fd951a58c43395dbd1153ec
      size: 339134
    - path: outputs/processed-shapefile/2020/gauteng-boundary-unprocessed.png
      hash: md5
      md5: 28b7dfe95b03649b0ceb3ce1960b5397
      size: 39593
    - path: outputs/processed-shapefile/2020/gauteng-boundary.geojson
      hash: md5
      md5: 08b6f572773d67322c8968a40bb365ff
      size: 692032
    - path: outputs/processed-shapefile/2020/gauteng-boundary.png
      hash: md5
      md5: 70195155f52ab69cf1309c56465e746c
      size: 34114
    - path: outputs/processed-shapefile/2020/gauteng-wards.geojson
      hash: md5
      md5: fd210f4642ed25a340f12ce85fb524c8
      size: 5298461
    - path: outputs/processed-shapefile/2020/gauteng-wards.png
      hash: md5
      md5: 571cea396db29a3d4f6ef35fa44b6030
      size: 65338
    - path: outputs/processed-shapefile/2020/za-wards.png
      hash: md5
      md5: 7f27c3720ebfb02088e5aeffced55d30
      size: 116221
  gcro_processing:
    cmd: python src/modules/2_gcro_processing/gcro_process.py
    deps:
    - path: data/surveys/gcro-2016.dta
      hash: md5
      md5: b18fed022c1ad5c6588391a14ce4acac
      size: 239054964
    - path: data/surveys/gcro-2018.dta
      hash: md5
      md5: 74f9efb62a3992e2e5edd220afbbee79
      size: 17658506
    - path: data/surveys/gcro-2021.dta
      hash: md5
      md5: 3af38f13b58e0bb17be0cf1911b828b4
      size: 8499821
    - path: src/modules/2_gcro_processing/gcro_process.py
      hash: md5
      md5: 145782053a9932eaed48c4105ac9b679
      size: 3408
    outs:
    - path: outputs/processed-gcro/2016/gcro-clustered-data.csv
      hash: md5
      md5: 93d2d1dfb010c45f355c3dfdd62ec130
      size: 78505
    - path: outputs/processed-gcro/2016/gcro-column-datatypes.json
      hash: md5
      md5: 6fac0434a3a0b2827f22af8c6dd0c96a
      size: 6870
    - path: outputs/processed-gcro/2016/gcro-date-info.json
      hash: md5
      md5: c0b20022e0f584470163cbb89008d393
      size: 106
    - path: outputs/processed-gcro/2018/gcro-clustered-data.csv
      hash: md5
      md5: 3fb03f0161db1bda5fee4561bc0544ac
      size: 81633
    - path: outputs/processed-gcro/2018/gcro-column-datatypes.json
      hash: md5
      md5: 9629553ee8ac8ed6f9331dda0f8a51f6
      size: 10152
    - path: outputs/processed-gcro/2018/gcro-date-info.json
      hash: md5
      md5: f83976a35bd65fdab5ea4e9bbdac57fb
      size: 106
    - path: outputs/processed-gcro/2021/gcro-clustered-data.csv
      hash: md5
      md5: 0b3b9f8abd1324f6ff20aab63e2bc87a
      size: 81724
    - path: outputs/processed-gcro/2021/gcro-column-datatypes.json
      hash: md5
      md5: 639dacf242b430f397437fde557da6d5
      size: 8646
    - path: outputs/processed-gcro/2021/gcro-date-info.json
      hash: md5
      md5: fe466fbd7f52211d9b3fe35da926acdd
      size: 106
  gcro_shapefile_merge:
    cmd: python src/modules/4_gcro_shapefile_merge/gcro_shapefile_merge.py
    deps:
    - path: outputs/processed-gcro/2016/gcro-clustered-data.csv
      hash: md5
      md5: 93d2d1dfb010c45f355c3dfdd62ec130
      size: 78505
    - path: outputs/processed-gcro/2018/gcro-clustered-data.csv
      hash: md5
      md5: 3fb03f0161db1bda5fee4561bc0544ac
      size: 81633
    - path: outputs/processed-gcro/2021/gcro-clustered-data.csv
      hash: md5
      md5: 0b3b9f8abd1324f6ff20aab63e2bc87a
      size: 81724
    - path: outputs/processed-shapefile/2011/gauteng-wards.geojson
      hash: md5
      md5: cd39f3b48bf05d8dc27cbe16deea56d0
      size: 10783731
    - path: outputs/processed-shapefile/2016/gauteng-wards.geojson
      hash: md5
      md5: c87921e9eea50dc5f5cd0d0d0042f05d
      size: 5370316
    - path: outputs/processed-shapefile/2020/gauteng-wards.geojson
      hash: md5
      md5: fd210f4642ed25a340f12ce85fb524c8
      size: 5298461
    - path: src/modules/4_gcro_shapefile_merge/gcro_shapefile_merge.py
      hash: md5
      md5: 9c05cc9fcea05c5fea76aa10b95b4965
      size: 3261
    outs:
    - path: outputs/merged/2016/gauteng-qol.geojson
      hash: md5
      md5: b42f9c41291bf539a77362348d49c7d9
      size: 10806212
    - path: outputs/merged/2016/gauteng-qol.png
      hash: md5
      md5: 0c17c837e0953b3382cc2b2f0cc44457
      size: 70240
    - path: outputs/merged/2018/gauteng-qol.geojson
      hash: md5
      md5: 9720a1fc3bedb556eaba7b74e5e97a36
      size: 5382181
    - path: outputs/merged/2018/gauteng-qol.png
      hash: md5
      md5: c705fda2cf4fac3fc9e89805a8f00640
      size: 78527
    - path: outputs/merged/2021/gauteng-qol.geojson
      hash: md5
      md5: cd9c08baa345b39e2ee4f12b0e9a4360
      size: 5381974
    - path: outputs/merged/2021/gauteng-qol.png
      hash: md5
      md5: ad7403a11dd820d3dbb0b4ffe1d4693c
      size: 78817
    - path: outputs/merged/gauteng-qol.geojson
      hash: md5
      md5: 80c90b2a44434f93592bcec4fb4870f1
      size: 21603283
  generate_grid:
    cmd: python src/modules/grid_generation/generate_grid.py
    deps:
    - path: outputs/merged/gauteng-qol.geojson
      hash: md5
      md5: 1b0638102484489c12746c8501691ee1
      size: 5389380
    - path: src/modules/grid_generation/generate_grid.py
      hash: md5
      md5: c579a36ae5433bdad0e4ef9fa73b06a7
      size: 3162
    outs:
    - path: outputs/grid/grid-gauteng-qol.png
      hash: md5
      md5: c2ad8201b0adc63a57fe199e5bc56ee9
      size: 685517
    - path: outputs/grid/grid-overlay.png
      hash: md5
      md5: 7dc3dbb186dcbe753bd0f2dedd29eb6a
      size: 844905
    - path: outputs/grid/qol-labelled-grid.csv
      hash: md5
      md5: 47bbcdc00cf7271c3bffa249a36e7001
      size: 3334106
  mosaiks_prediction:
    cmd: python src/modules/mosaiks_prediction/predict.py
    deps:
    - path: data/mosaiks-features/mosaiks_features.csv
      hash: md5
      md5: b4991d36a61ae9646fe377a50658a037
      size: 1261893911
    - path: outputs/grid/qol-labelled-grid.csv
      hash: md5
      md5: 47bbcdc00cf7271c3bffa249a36e7001
      size: 3334106
    - path: src/modules/mosaiks_prediction/predict.py
      hash: md5
      md5: 582c7dab2e109c2858559a3ac276def6
      size: 7531
    outs:
    - path: outputs/mosaiks-prediction/ols-observed-vs-predicted.png
      hash: md5
      md5: 319e4fd1483b3ad1080ebbf74b130a23
      size: 566932
    - path: outputs/mosaiks-prediction/ols-observed.png
      hash: md5
      md5: c88d6d110195732a7211b5bc8366c4bf
      size: 1029397
    - path: outputs/mosaiks-prediction/ols-predicted.png
      hash: md5
      md5: 9ddd52abd08e95da52b9140b607b23df
      size: 1266103
    - path: outputs/mosaiks-prediction/ridge-observed-vs-predicted.png
      hash: md5
      md5: f852a1d62a5501762244bea2301f4bb9
      size: 629812
    - path: outputs/mosaiks-prediction/ridge-observed.png
      hash: md5
      md5: c88d6d110195732a7211b5bc8366c4bf
      size: 1029397
    - path: outputs/mosaiks-prediction/ridge-predicted.png
      hash: md5
      md5: 67c5220d5cc34ff06afb71c340288f8b
      size: 1307584
  tiling:
    cmd: python src/modules/5_tiling/tile_images.py
    deps:
    - path: src/modules/5_tiling/tile.sbatch
      hash: md5
      md5: 2822636be97c49e23c47b74355cb73ab
      size: 1613
    - path: src/modules/5_tiling/tile_image.py
      hash: md5
      md5: 1b0bfcb15a124856eac5d81831f41440
      size: 3563
    - path: src/modules/5_tiling/tile_images.py
      hash: md5
      md5: a315da51ee01492e139b149d668df1a1
      size: 1374
    - path: src/modules/5_tiling/tile_slurm.py
      hash: md5
      md5: 4a571eedb458a0c01129c0ff369eafa3
      size: 3168
    params:
      params.yaml:
        preprocessing.crop_size: 128
    outs:
    - path: outputs/tiles/tile-transforms.geojson
      hash: md5
      md5: ffd17cf43c66a8633a46134627f5bdab
      size: 79730691
  tile_cluster_matching:
    cmd: python src/modules/6_tile_cluster_matching/match_tiles.py
    deps:
    - path: outputs/merged/gauteng-qol.geojson
      hash: md5
      md5: 80c90b2a44434f93592bcec4fb4870f1
      size: 21603283
    - path: outputs/tiles/tile-transforms.geojson
      hash: md5
      md5: ffd17cf43c66a8633a46134627f5bdab
      size: 79730691
    - path: src/modules/6_tile_cluster_matching/match_tiles.py
      hash: md5
      md5: 15820cfefa207481c6a51fb5da04136c
      size: 2362
    params:
      params.yaml:
        preprocessing.drop_overlap: false
    outs:
    - path: outputs/matched/2018-gauteng-qol-cluster-tiles.png
      hash: md5
      md5: d9c94096133f9e69ceb67f789b02225d
      size: 37769
    - path: outputs/matched/2021-gauteng-qol-cluster-tiles.png
      hash: md5
      md5: 07748301a130cd3647934c1375b165d6
      size: 38204
    - path: outputs/matched/gauteng-qol-cluster-tiles.geojson
      hash: md5
      md5: 6dd1f16fdf53248f3abd7030b01ddff5
      size: 103546920
  train_test_split:
    cmd: python src/modules/7_data_splitting/split_data.py
    deps:
    - path: outputs/matched/gauteng-qol-cluster-tiles.geojson
      hash: md5
      md5: 6dd1f16fdf53248f3abd7030b01ddff5
      size: 103546920
    - path: src/modules/7_data_splitting/split_data.py
      hash: md5
      md5: e554cb9bb00c6599bb8f69fb1d122773
      size: 1952
    params:
      params.yaml:
        constants.random_seed: 42
        split:
          test_size: 0.2
          val_size: 0.2
          folds: 5
          group_by_ward: false
    outs:
    - path: outputs/model/test-stats.csv
      hash: md5
      md5: 97583106841dfce4f5db8511de30787e
      size: 1304
    - path: outputs/model/train-stats.csv
      hash: md5
      md5: 4d645b09206f1e3f56930bce732fbac5
      size: 1307
    - path: outputs/model/train-test-split.geojson
      hash: md5
      md5: c04abfdcd3c51230cc5d66d0e922ff6e
      size: 530332
  results:
    cmd: python src/modules/10_predictions_and_plots/main.py
    deps:
    - path: outputs/model/final.h5
      hash: md5
      md5: 2cf915cee6d68400143362ab4b2c8e1b
      size: 120023344
    - path: outputs/model/train-test-split.geojson
      hash: md5
      md5: 4798a452ae43b91891b243d0d22af916
      size: 1061257
    - path: src/modules/10_predictions_and_plots/main.py
      hash: md5
      md5: 6a6ed22b0fa67f4b20cb4910c0ee60c3
      size: 1089
    - path: src/modules/10_predictions_and_plots/plot.py
      hash: md5
      md5: ba0a6b01e7ec627552eb312e2bd9bc2c
      size: 1089
    - path: src/modules/10_predictions_and_plots/predict.py
      hash: md5
      md5: 16de223a55422f246e5cf9fe9628095c
      size: 676
    outs:
    - path: outputs/results
      hash: md5
      md5: 8802af32f4a65ba69934f3d0a84eb772.dir
      size: 63931
      nfiles: 2
